
Microsoft Visual Studio Solution File, Format Version 12.00
# Visual Studio Version 17
VisualStudioVersion = 17.8.34322.80
MinimumVisualStudioVersion = 10.0.40219.1
Project("{FAE04EC0-301F-11D3-BF4B-00C04F79EFBC}") = "TasklyWebApp", "TasklyWebApp\TasklyWebApp.csproj", "{0CDB2176-8877-4592-949B-15A9CD0966B7}"
EndProject
Global
	GlobalSection(SolutionConfigurationPlatforms) = preSolution
		Debug|Any CPU = Debug|Any CPU
		Release|Any CPU = Release|Any CPU
	EndGlobalSection
	GlobalSection(ProjectConfigurationPlatforms) = postSolution
		{0CDB2176-8877-4592-949B-15A9CD0966B7}.Debug|Any CPU.ActiveCfg = Debug|Any CPU
		{0CDB2176-8877-4592-949B-15A9CD0966B7}.Debug|Any CPU.Build.0 = Debug|Any CPU
		{0CDB2176-8877-4592-949B-15A9CD0966B7}.Release|Any CPU.ActiveCfg = Release|Any CPU
		{0CDB2176-8877-4592-949B-15A9CD0966B7}.Release|Any CPU.Build.0 = Release|Any CPU
	EndGlobalSection
	GlobalSection(SolutionProperties) = preSolution
		HideSolutionNode = FALSE
	EndGlobalSection
	GlobalSection(ExtensibilityGlobals) = postSolution
		SolutionGuid = {90CAAA06-303A-44ED-A1FB-4CDCECB67F8D}
	EndGlobalSection
EndGlobal
